
Microsoft Visual Studio Solution File, Format Version 12.00
# Visual Studio Version 17
VisualStudioVersion = 17.3.32804.467
MinimumVisualStudioVersion = 10.0.40219.1
Project("{9A19103F-16F7-4668-BE54-9A1E7A4F7556}") = "SocialNetwork.Portal", "src\WebApps\SocialNetwork.Portal\SocialNetwork.Portal.csproj", "{1127EC08-16C2-4FE2-AF5E-C8549497EEEB}"
EndProject
Project("{E53339B2-1760-4266-BCC7-CA923CBCF16C}") = "docker-compose", "deployment\docker-compose\docker-compose.dcproj", "{E310374E-5885-4E2B-B073-EE7E9F35B859}"
EndProject
Project("{9A19103F-16F7-4668-BE54-9A1E7A4F7556}") = "SocialNetwork.Profile.API", "src\Services\Profile\SocialNetwork.Profile.API\SocialNetwork.Profile.API.csproj", "{9507C93D-0E32-45EF-9C9D-0F4A27725AF7}"
EndProject
Project("{9A19103F-16F7-4668-BE54-9A1E7A4F7556}") = "SocialNetwork.Profile.Domain", "src\Services\Profile\SocialNetwork.Profile.Domain\SocialNetwork.Profile.Domain.csproj", "{98295951-0FC5-420A-8437-D37FED4F376A}"
EndProject
Project("{FAE04EC0-301F-11D3-BF4B-00C04F79EFBC}") = "SocialNetwork.IdentityServer", "src\WebApps\SocialNetwork.IdentityServer\SocialNetwork.IdentityServer.csproj", "{EBC4124A-434E-4072-B0DE-9C0D476923EC}"
EndProject
Global
	GlobalSection(SolutionConfigurationPlatforms) = preSolution
		Debug|Any CPU = Debug|Any CPU
		Release|Any CPU = Release|Any CPU
	EndGlobalSection
	GlobalSection(ProjectConfigurationPlatforms) = postSolution
		{1127EC08-16C2-4FE2-AF5E-C8549497EEEB}.Debug|Any CPU.ActiveCfg = Debug|Any CPU
		{1127EC08-16C2-4FE2-AF5E-C8549497EEEB}.Debug|Any CPU.Build.0 = Debug|Any CPU
		{1127EC08-16C2-4FE2-AF5E-C8549497EEEB}.Release|Any CPU.ActiveCfg = Release|Any CPU
		{1127EC08-16C2-4FE2-AF5E-C8549497EEEB}.Release|Any CPU.Build.0 = Release|Any CPU
		{E310374E-5885-4E2B-B073-EE7E9F35B859}.Debug|Any CPU.ActiveCfg = Debug|Any CPU
		{E310374E-5885-4E2B-B073-EE7E9F35B859}.Debug|Any CPU.Build.0 = Debug|Any CPU
		{E310374E-5885-4E2B-B073-EE7E9F35B859}.Release|Any CPU.ActiveCfg = Release|Any CPU
		{E310374E-5885-4E2B-B073-EE7E9F35B859}.Release|Any CPU.Build.0 = Release|Any CPU
		{9507C93D-0E32-45EF-9C9D-0F4A27725AF7}.Debug|Any CPU.ActiveCfg = Debug|Any CPU
		{9507C93D-0E32-45EF-9C9D-0F4A27725AF7}.Debug|Any CPU.Build.0 = Debug|Any CPU
		{9507C93D-0E32-45EF-9C9D-0F4A27725AF7}.Release|Any CPU.ActiveCfg = Release|Any CPU
		{9507C93D-0E32-45EF-9C9D-0F4A27725AF7}.Release|Any CPU.Build.0 = Release|Any CPU
		{98295951-0FC5-420A-8437-D37FED4F376A}.Debug|Any CPU.ActiveCfg = Debug|Any CPU
		{98295951-0FC5-420A-8437-D37FED4F376A}.Debug|Any CPU.Build.0 = Debug|Any CPU
		{98295951-0FC5-420A-8437-D37FED4F376A}.Release|Any CPU.ActiveCfg = Release|Any CPU
		{98295951-0FC5-420A-8437-D37FED4F376A}.Release|Any CPU.Build.0 = Release|Any CPU
		{EBC4124A-434E-4072-B0DE-9C0D476923EC}.Debug|Any CPU.ActiveCfg = Debug|Any CPU
		{EBC4124A-434E-4072-B0DE-9C0D476923EC}.Debug|Any CPU.Build.0 = Debug|Any CPU
		{EBC4124A-434E-4072-B0DE-9C0D476923EC}.Release|Any CPU.ActiveCfg = Release|Any CPU
		{EBC4124A-434E-4072-B0DE-9C0D476923EC}.Release|Any CPU.Build.0 = Release|Any CPU
	EndGlobalSection
	GlobalSection(SolutionProperties) = preSolution
		HideSolutionNode = FALSE
	EndGlobalSection
	GlobalSection(ExtensibilityGlobals) = postSolution
		SolutionGuid = {A8F4372A-1122-4A0D-9ECD-C308C2243C11}
	EndGlobalSection
EndGlobal
